schema: '2.0'
stages:
  data_collection:
    cmd: python src/data/make_dataset.py
    deps:
    - path: src/data/make_dataset.py
      hash: md5
      md5: de98ddbd90418b26efea8e95894b7469
      size: 424
    outs:
    - path: data/raw
      hash: md5
      md5: 6ae44599fc466663c9d50db20109e471.dir
      size: 4818
      nfiles: 2
  data_preprocessing:
    cmd: python src/features/build_features.py
    deps:
    - path: data/raw
      hash: md5
      md5: 6ae44599fc466663c9d50db20109e471.dir
      size: 4818
      nfiles: 2
    - path: src/features/build_features.py
      hash: md5
      md5: 384900e1463d55a1f0dc7ab963b40fb9
      size: 1714
    outs:
    - path: data/processed
      hash: md5
      md5: 47d15bb502f166d8292a83919020390f.dir
      size: 4789
      nfiles: 2
